// !$*UTF8*$!
{
	archiveVersion = 1;
	classes = {
	};
	objectVersion = 55;
	objects = {

/* Begin PBXBuildFile section */
		492F4E5828B7CD3C00849C72 /* AddEntryView.swift in Sources */ = {isa = PBXBuildFile; fileRef = 492F4E5728B7CD3C00849C72 /* AddEntryView.swift */; };
		492F4E5B28B7D1A700849C72 /* AddEntryViewModel.swift in Sources */ = {isa = PBXBuildFile; fileRef = 492F4E5A28B7D1A700849C72 /* AddEntryViewModel.swift */; };
		492F4E5C28B7D1A700849C72 /* AddEntryViewModel.swift in Sources */ = {isa = PBXBuildFile; fileRef = 492F4E5A28B7D1A700849C72 /* AddEntryViewModel.swift */; };
		492F4E5D28B7D1A700849C72 /* AddEntryViewModel.swift in Sources */ = {isa = PBXBuildFile; fileRef = 492F4E5A28B7D1A700849C72 /* AddEntryViewModel.swift */; };
		492F4E5E28B7D1B400849C72 /* AddEntryView.swift in Sources */ = {isa = PBXBuildFile; fileRef = 492F4E5728B7CD3C00849C72 /* AddEntryView.swift */; };
		493240FC28FAE8B70080139C /* View.swift in Sources */ = {isa = PBXBuildFile; fileRef = 493240FB28FAE8B70080139C /* View.swift */; };
		493240FD28FAE8B70080139C /* View.swift in Sources */ = {isa = PBXBuildFile; fileRef = 493240FB28FAE8B70080139C /* View.swift */; };
		493240FE28FAE8B70080139C /* View.swift in Sources */ = {isa = PBXBuildFile; fileRef = 493240FB28FAE8B70080139C /* View.swift */; };
		493A48D028F1D825005E7CAE /* PreviewHelper.swift in Sources */ = {isa = PBXBuildFile; fileRef = 493A48CF28F1D825005E7CAE /* PreviewHelper.swift */; };
		493A48D128F1D825005E7CAE /* PreviewHelper.swift in Sources */ = {isa = PBXBuildFile; fileRef = 493A48CF28F1D825005E7CAE /* PreviewHelper.swift */; };
		493A48D228F1D825005E7CAE /* PreviewHelper.swift in Sources */ = {isa = PBXBuildFile; fileRef = 493A48CF28F1D825005E7CAE /* PreviewHelper.swift */; };
		493A48DB28F1E11C005E7CAE /* Color.swift in Sources */ = {isa = PBXBuildFile; fileRef = 493A48D828F1E11C005E7CAE /* Color.swift */; };
		493A48DD28F1E1BA005E7CAE /* Typography.swift in Sources */ = {isa = PBXBuildFile; fileRef = 493A48DC28F1E1BA005E7CAE /* Typography.swift */; };
		493BC5CB28AFF0D90059E434 /* KiwiApp.swift in Sources */ = {isa = PBXBuildFile; fileRef = 493BC5CA28AFF0D90059E434 /* KiwiApp.swift */; };
		493BC5CD28AFF0D90059E434 /* ContentView.swift in Sources */ = {isa = PBXBuildFile; fileRef = 493BC5CC28AFF0D90059E434 /* ContentView.swift */; };
		493BC5CF28AFF0DA0059E434 /* Assets.xcassets in Resources */ = {isa = PBXBuildFile; fileRef = 493BC5CE28AFF0DA0059E434 /* Assets.xcassets */; };
		493BC5D228AFF0DA0059E434 /* Preview Assets.xcassets in Resources */ = {isa = PBXBuildFile; fileRef = 493BC5D128AFF0DA0059E434 /* Preview Assets.xcassets */; };
		493BC5D528AFF0DA0059E434 /* Kiwi Watch App.app in Embed Watch Content */ = {isa = PBXBuildFile; fileRef = 493BC5C828AFF0D90059E434 /* Kiwi Watch App.app */; settings = {ATTRIBUTES = (RemoveHeadersOnCopy, ); }; };
		494B39E128AFF16F00E489E6 /* Persistence.swift in Sources */ = {isa = PBXBuildFile; fileRef = 49B631EB28AFCB2700E14DFE /* Persistence.swift */; };
		494B39E328AFF23F00E489E6 /* CloudKit.framework in Frameworks */ = {isa = PBXBuildFile; fileRef = 494B39E228AFF23F00E489E6 /* CloudKit.framework */; };
		494B39E628AFF25800E489E6 /* CloudKit.framework in Frameworks */ = {isa = PBXBuildFile; fileRef = 494B39E528AFF25800E489E6 /* CloudKit.framework */; };
		494B39E828AFF32700E489E6 /* Kiwi.xcdatamodeld in Sources */ = {isa = PBXBuildFile; fileRef = 49B631E728AFCB2700E14DFE /* Kiwi.xcdatamodeld */; };
		49666FCA28BBC788006ED849 /* AddEntryView.swift in Sources */ = {isa = PBXBuildFile; fileRef = 49666FC928BBC788006ED849 /* AddEntryView.swift */; };
		49831D9728CC4126000E9DAF /* EntryItem.swift in Sources */ = {isa = PBXBuildFile; fileRef = 49831D9628CC4126000E9DAF /* EntryItem.swift */; };
		49831D9828CC4126000E9DAF /* EntryItem.swift in Sources */ = {isa = PBXBuildFile; fileRef = 49831D9628CC4126000E9DAF /* EntryItem.swift */; };
		4984211628FF04E4000B2B6F /* ActionButton.swift in Sources */ = {isa = PBXBuildFile; fileRef = 4984211528FF04E4000B2B6F /* ActionButton.swift */; };
		4984211828FF0633000B2B6F /* NavigationItem.swift in Sources */ = {isa = PBXBuildFile; fileRef = 4984211728FF0633000B2B6F /* NavigationItem.swift */; };
		49A4856128F4717800DCB09C /* BalanceCard.swift in Sources */ = {isa = PBXBuildFile; fileRef = 49A4856028F4717800DCB09C /* BalanceCard.swift */; };
		49ADC55E28F716E2007860A2 /* DateHelper.swift in Sources */ = {isa = PBXBuildFile; fileRef = 49ADC55D28F716E2007860A2 /* DateHelper.swift */; };
		49ADC55F28F716E2007860A2 /* DateHelper.swift in Sources */ = {isa = PBXBuildFile; fileRef = 49ADC55D28F716E2007860A2 /* DateHelper.swift */; };
		49ADC56028F716E2007860A2 /* DateHelper.swift in Sources */ = {isa = PBXBuildFile; fileRef = 49ADC55D28F716E2007860A2 /* DateHelper.swift */; };
		49B631FA28AFCB2A00E14DFE /* Kiwi.xcdatamodeld in Sources */ = {isa = PBXBuildFile; fileRef = 49B631E728AFCB2700E14DFE /* Kiwi.xcdatamodeld */; };
		49B631FB28AFCB2A00E14DFE /* Kiwi.xcdatamodeld in Sources */ = {isa = PBXBuildFile; fileRef = 49B631E728AFCB2700E14DFE /* Kiwi.xcdatamodeld */; };
		49B631FC28AFCB2A00E14DFE /* KiwiApp.swift in Sources */ = {isa = PBXBuildFile; fileRef = 49B631E928AFCB2700E14DFE /* KiwiApp.swift */; };
		49B631FD28AFCB2A00E14DFE /* KiwiApp.swift in Sources */ = {isa = PBXBuildFile; fileRef = 49B631E928AFCB2700E14DFE /* KiwiApp.swift */; };
		49B631FE28AFCB2A00E14DFE /* ContentView.swift in Sources */ = {isa = PBXBuildFile; fileRef = 49B631EA28AFCB2700E14DFE /* ContentView.swift */; };
		49B631FF28AFCB2A00E14DFE /* ContentView.swift in Sources */ = {isa = PBXBuildFile; fileRef = 49B631EA28AFCB2700E14DFE /* ContentView.swift */; };
		49B6320028AFCB2A00E14DFE /* Persistence.swift in Sources */ = {isa = PBXBuildFile; fileRef = 49B631EB28AFCB2700E14DFE /* Persistence.swift */; };
		49B6320128AFCB2A00E14DFE /* Persistence.swift in Sources */ = {isa = PBXBuildFile; fileRef = 49B631EB28AFCB2700E14DFE /* Persistence.swift */; };
		49B6320228AFCB2A00E14DFE /* Assets.xcassets in Resources */ = {isa = PBXBuildFile; fileRef = 49B631EC28AFCB2A00E14DFE /* Assets.xcassets */; };
		49B6320328AFCB2A00E14DFE /* Assets.xcassets in Resources */ = {isa = PBXBuildFile; fileRef = 49B631EC28AFCB2A00E14DFE /* Assets.xcassets */; };
		49B6320F28AFD51B00E14DFE /* CloudKit.framework in Frameworks */ = {isa = PBXBuildFile; fileRef = 49B6320E28AFD51B00E14DFE /* CloudKit.framework */; };
		49C8161528CB8B4D00652335 /* PocketViewModel.swift in Sources */ = {isa = PBXBuildFile; fileRef = 49C8161428CB8B4D00652335 /* PocketViewModel.swift */; };
		49C8161628CB8B4D00652335 /* PocketViewModel.swift in Sources */ = {isa = PBXBuildFile; fileRef = 49C8161428CB8B4D00652335 /* PocketViewModel.swift */; };
		49C8161728CB8B4D00652335 /* PocketViewModel.swift in Sources */ = {isa = PBXBuildFile; fileRef = 49C8161428CB8B4D00652335 /* PocketViewModel.swift */; };
		49CF7DF4290059DB009F925B /* DefaultValues.swift in Sources */ = {isa = PBXBuildFile; fileRef = 49CF7DF3290059DB009F925B /* DefaultValues.swift */; };
		49CF7DF5290059DB009F925B /* DefaultValues.swift in Sources */ = {isa = PBXBuildFile; fileRef = 49CF7DF3290059DB009F925B /* DefaultValues.swift */; };
		49CF7DF6290059DB009F925B /* DefaultValues.swift in Sources */ = {isa = PBXBuildFile; fileRef = 49CF7DF3290059DB009F925B /* DefaultValues.swift */; };
		49CF7DF829005CD9009F925B /* CustomUserDefaults.swift in Sources */ = {isa = PBXBuildFile; fileRef = 49CF7DF729005CD9009F925B /* CustomUserDefaults.swift */; };
		49CF7DF929005CD9009F925B /* CustomUserDefaults.swift in Sources */ = {isa = PBXBuildFile; fileRef = 49CF7DF729005CD9009F925B /* CustomUserDefaults.swift */; };
		49CF7DFA29005CD9009F925B /* CustomUserDefaults.swift in Sources */ = {isa = PBXBuildFile; fileRef = 49CF7DF729005CD9009F925B /* CustomUserDefaults.swift */; };
		49E194B428B11F4700EE949D /* ContentViewModel.swift in Sources */ = {isa = PBXBuildFile; fileRef = 49E194B328B11F4700EE949D /* ContentViewModel.swift */; };
		49E194B528B11F4700EE949D /* ContentViewModel.swift in Sources */ = {isa = PBXBuildFile; fileRef = 49E194B328B11F4700EE949D /* ContentViewModel.swift */; };
		49E194BB28B132D700EE949D /* PocketView.swift in Sources */ = {isa = PBXBuildFile; fileRef = 49E194BA28B132D700EE949D /* PocketView.swift */; };
		49E194BC28B132D700EE949D /* PocketView.swift in Sources */ = {isa = PBXBuildFile; fileRef = 49E194BA28B132D700EE949D /* PocketView.swift */; };
		49E194C328B1440C00EE949D /* Formatter.swift in Sources */ = {isa = PBXBuildFile; fileRef = 49E194C228B1440C00EE949D /* Formatter.swift */; };
		49E194C428B1440C00EE949D /* Formatter.swift in Sources */ = {isa = PBXBuildFile; fileRef = 49E194C228B1440C00EE949D /* Formatter.swift */; };
		49E194C728B1457F00EE949D /* PocketView.swift in Sources */ = {isa = PBXBuildFile; fileRef = 49E194C628B1457F00EE949D /* PocketView.swift */; };
		49E194C928B145BE00EE949D /* ContentViewModel.swift in Sources */ = {isa = PBXBuildFile; fileRef = 49E194B328B11F4700EE949D /* ContentViewModel.swift */; };
		49E194CA28B1461600EE949D /* Formatter.swift in Sources */ = {isa = PBXBuildFile; fileRef = 49E194C228B1440C00EE949D /* Formatter.swift */; };
		49E22B16291C03ED0092A929 /* CategorySelectionView.swift in Sources */ = {isa = PBXBuildFile; fileRef = 49E22B15291C03ED0092A929 /* CategorySelectionView.swift */; };
		49E22B19291C07DF0092A929 /* CategoryItem.swift in Sources */ = {isa = PBXBuildFile; fileRef = 49E22B18291C07DF0092A929 /* CategoryItem.swift */; };
		49FB835928D2317C00911895 /* EntryItem.swift in Sources */ = {isa = PBXBuildFile; fileRef = 49FB835828D2317C00911895 /* EntryItem.swift */; };
/* End PBXBuildFile section */

/* Begin PBXContainerItemProxy section */
		493BC5D328AFF0DA0059E434 /* PBXContainerItemProxy */ = {
			isa = PBXContainerItemProxy;
			containerPortal = 49B631E228AFCB2700E14DFE /* Project object */;
			proxyType = 1;
			remoteGlobalIDString = 493BC5C728AFF0D90059E434;
			remoteInfo = "Kiwi Watch App";
		};
/* End PBXContainerItemProxy section */

/* Begin PBXCopyFilesBuildPhase section */
		493BC5D628AFF0DA0059E434 /* Embed Watch Content */ = {
			isa = PBXCopyFilesBuildPhase;
			buildActionMask = 2147483647;
			dstPath = "$(CONTENTS_FOLDER_PATH)/Watch";
			dstSubfolderSpec = 16;
			files = (
				493BC5D528AFF0DA0059E434 /* Kiwi Watch App.app in Embed Watch Content */,
			);
			name = "Embed Watch Content";
			runOnlyForDeploymentPostprocessing = 0;
		};
/* End PBXCopyFilesBuildPhase section */

/* Begin PBXFileReference section */
		492F4E5728B7CD3C00849C72 /* AddEntryView.swift */ = {isa = PBXFileReference; lastKnownFileType = sourcecode.swift; path = AddEntryView.swift; sourceTree = "<group>"; };
		492F4E5A28B7D1A700849C72 /* AddEntryViewModel.swift */ = {isa = PBXFileReference; lastKnownFileType = sourcecode.swift; path = AddEntryViewModel.swift; sourceTree = "<group>"; };
		493240FB28FAE8B70080139C /* View.swift */ = {isa = PBXFileReference; lastKnownFileType = sourcecode.swift; path = View.swift; sourceTree = "<group>"; };
		493A48CF28F1D825005E7CAE /* PreviewHelper.swift */ = {isa = PBXFileReference; lastKnownFileType = sourcecode.swift; path = PreviewHelper.swift; sourceTree = "<group>"; };
		493A48D828F1E11C005E7CAE /* Color.swift */ = {isa = PBXFileReference; lastKnownFileType = sourcecode.swift; path = Color.swift; sourceTree = "<group>"; };
		493A48DC28F1E1BA005E7CAE /* Typography.swift */ = {isa = PBXFileReference; lastKnownFileType = sourcecode.swift; path = Typography.swift; sourceTree = "<group>"; };
		493BC5C828AFF0D90059E434 /* Kiwi Watch App.app */ = {isa = PBXFileReference; explicitFileType = wrapper.application; includeInIndex = 0; path = "Kiwi Watch App.app"; sourceTree = BUILT_PRODUCTS_DIR; };
		493BC5CA28AFF0D90059E434 /* KiwiApp.swift */ = {isa = PBXFileReference; lastKnownFileType = sourcecode.swift; path = KiwiApp.swift; sourceTree = "<group>"; };
		493BC5CC28AFF0D90059E434 /* ContentView.swift */ = {isa = PBXFileReference; lastKnownFileType = sourcecode.swift; path = ContentView.swift; sourceTree = "<group>"; };
		493BC5CE28AFF0DA0059E434 /* Assets.xcassets */ = {isa = PBXFileReference; lastKnownFileType = folder.assetcatalog; path = Assets.xcassets; sourceTree = "<group>"; };
		493BC5D128AFF0DA0059E434 /* Preview Assets.xcassets */ = {isa = PBXFileReference; lastKnownFileType = folder.assetcatalog; path = "Preview Assets.xcassets"; sourceTree = "<group>"; };
		494B39E228AFF23F00E489E6 /* CloudKit.framework */ = {isa = PBXFileReference; lastKnownFileType = wrapper.framework; name = CloudKit.framework; path = System/Library/Frameworks/CloudKit.framework; sourceTree = SDKROOT; };
		494B39E428AFF25500E489E6 /* Kiwi Watch App.entitlements */ = {isa = PBXFileReference; lastKnownFileType = text.plist.entitlements; path = "Kiwi Watch App.entitlements"; sourceTree = "<group>"; };
		494B39E528AFF25800E489E6 /* CloudKit.framework */ = {isa = PBXFileReference; lastKnownFileType = wrapper.framework; name = CloudKit.framework; path = Platforms/WatchOS.platform/Developer/SDKs/WatchOS8.5.sdk/System/Library/Frameworks/CloudKit.framework; sourceTree = DEVELOPER_DIR; };
		494B39E728AFF26100E489E6 /* Kiwi-Watch-App-Info.plist */ = {isa = PBXFileReference; lastKnownFileType = text.plist; path = "Kiwi-Watch-App-Info.plist"; sourceTree = SOURCE_ROOT; };
		49666FC928BBC788006ED849 /* AddEntryView.swift */ = {isa = PBXFileReference; lastKnownFileType = sourcecode.swift; path = AddEntryView.swift; sourceTree = "<group>"; };
		49831D9628CC4126000E9DAF /* EntryItem.swift */ = {isa = PBXFileReference; lastKnownFileType = sourcecode.swift; path = EntryItem.swift; sourceTree = "<group>"; };
		4984211528FF04E4000B2B6F /* ActionButton.swift */ = {isa = PBXFileReference; lastKnownFileType = sourcecode.swift; path = ActionButton.swift; sourceTree = "<group>"; };
		4984211728FF0633000B2B6F /* NavigationItem.swift */ = {isa = PBXFileReference; lastKnownFileType = sourcecode.swift; path = NavigationItem.swift; sourceTree = "<group>"; };
		49A4856028F4717800DCB09C /* BalanceCard.swift */ = {isa = PBXFileReference; lastKnownFileType = sourcecode.swift; path = BalanceCard.swift; sourceTree = "<group>"; };
		49ADC55D28F716E2007860A2 /* DateHelper.swift */ = {isa = PBXFileReference; lastKnownFileType = sourcecode.swift; path = DateHelper.swift; sourceTree = "<group>"; };
		49B631E828AFCB2700E14DFE /* Shared.xcdatamodel */ = {isa = PBXFileReference; lastKnownFileType = wrapper.xcdatamodel; path = Shared.xcdatamodel; sourceTree = "<group>"; };
		49B631E928AFCB2700E14DFE /* KiwiApp.swift */ = {isa = PBXFileReference; lastKnownFileType = sourcecode.swift; path = KiwiApp.swift; sourceTree = "<group>"; };
		49B631EA28AFCB2700E14DFE /* ContentView.swift */ = {isa = PBXFileReference; lastKnownFileType = sourcecode.swift; path = ContentView.swift; sourceTree = "<group>"; };
		49B631EB28AFCB2700E14DFE /* Persistence.swift */ = {isa = PBXFileReference; lastKnownFileType = sourcecode.swift; path = Persistence.swift; sourceTree = "<group>"; };
		49B631EC28AFCB2A00E14DFE /* Assets.xcassets */ = {isa = PBXFileReference; lastKnownFileType = folder.assetcatalog; path = Assets.xcassets; sourceTree = "<group>"; };
		49B631F128AFCB2A00E14DFE /* Kiwi.app */ = {isa = PBXFileReference; explicitFileType = wrapper.application; includeInIndex = 0; path = Kiwi.app; sourceTree = BUILT_PRODUCTS_DIR; };
		49B631F728AFCB2A00E14DFE /* Kiwi.app */ = {isa = PBXFileReference; explicitFileType = wrapper.application; includeInIndex = 0; path = Kiwi.app; sourceTree = BUILT_PRODUCTS_DIR; };
		49B631F928AFCB2A00E14DFE /* macOS.entitlements */ = {isa = PBXFileReference; lastKnownFileType = text.plist.entitlements; path = macOS.entitlements; sourceTree = "<group>"; };
		49B6320C28AFD50C00E14DFE /* Kiwi (iOS).entitlements */ = {isa = PBXFileReference; lastKnownFileType = text.plist.entitlements; path = "Kiwi (iOS).entitlements"; sourceTree = "<group>"; };
		49B6320E28AFD51B00E14DFE /* CloudKit.framework */ = {isa = PBXFileReference; lastKnownFileType = wrapper.framework; name = CloudKit.framework; path = Platforms/iPhoneOS.platform/Developer/SDKs/iPhoneOS15.5.sdk/System/Library/Frameworks/CloudKit.framework; sourceTree = DEVELOPER_DIR; };
		49B6321028AFD56100E14DFE /* Kiwi--iOS--Info.plist */ = {isa = PBXFileReference; lastKnownFileType = text.plist; path = "Kiwi--iOS--Info.plist"; sourceTree = "<group>"; };
		49C8161428CB8B4D00652335 /* PocketViewModel.swift */ = {isa = PBXFileReference; fileEncoding = 4; lastKnownFileType = sourcecode.swift; path = PocketViewModel.swift; sourceTree = "<group>"; };
		49CF7DF3290059DB009F925B /* DefaultValues.swift */ = {isa = PBXFileReference; lastKnownFileType = sourcecode.swift; path = DefaultValues.swift; sourceTree = "<group>"; };
		49CF7DF729005CD9009F925B /* CustomUserDefaults.swift */ = {isa = PBXFileReference; lastKnownFileType = sourcecode.swift; path = CustomUserDefaults.swift; sourceTree = "<group>"; };
		49E194B328B11F4700EE949D /* ContentViewModel.swift */ = {isa = PBXFileReference; lastKnownFileType = sourcecode.swift; path = ContentViewModel.swift; sourceTree = "<group>"; };
		49E194BA28B132D700EE949D /* PocketView.swift */ = {isa = PBXFileReference; lastKnownFileType = sourcecode.swift; path = PocketView.swift; sourceTree = "<group>"; };
		49E194C228B1440C00EE949D /* Formatter.swift */ = {isa = PBXFileReference; lastKnownFileType = sourcecode.swift; path = Formatter.swift; sourceTree = "<group>"; };
		49E194C628B1457F00EE949D /* PocketView.swift */ = {isa = PBXFileReference; lastKnownFileType = sourcecode.swift; path = PocketView.swift; sourceTree = "<group>"; };
		49E22B15291C03ED0092A929 /* CategorySelectionView.swift */ = {isa = PBXFileReference; lastKnownFileType = sourcecode.swift; path = CategorySelectionView.swift; sourceTree = "<group>"; };
		49E22B18291C07DF0092A929 /* CategoryItem.swift */ = {isa = PBXFileReference; lastKnownFileType = sourcecode.swift; path = CategoryItem.swift; sourceTree = "<group>"; };
		49FB835828D2317C00911895 /* EntryItem.swift */ = {isa = PBXFileReference; lastKnownFileType = sourcecode.swift; path = EntryItem.swift; sourceTree = "<group>"; };
/* End PBXFileReference section */

/* Begin PBXFrameworksBuildPhase section */
		493BC5C528AFF0D90059E434 /* Frameworks */ = {
			isa = PBXFrameworksBuildPhase;
			buildActionMask = 2147483647;
			files = (
				494B39E628AFF25800E489E6 /* CloudKit.framework in Frameworks */,
			);
			runOnlyForDeploymentPostprocessing = 0;
		};
		49B631EE28AFCB2A00E14DFE /* Frameworks */ = {
			isa = PBXFrameworksBuildPhase;
			buildActionMask = 2147483647;
			files = (
				49B6320F28AFD51B00E14DFE /* CloudKit.framework in Frameworks */,
			);
			runOnlyForDeploymentPostprocessing = 0;
		};
		49B631F428AFCB2A00E14DFE /* Frameworks */ = {
			isa = PBXFrameworksBuildPhase;
			buildActionMask = 2147483647;
			files = (
				494B39E328AFF23F00E489E6 /* CloudKit.framework in Frameworks */,
			);
			runOnlyForDeploymentPostprocessing = 0;
		};
/* End PBXFrameworksBuildPhase section */

/* Begin PBXGroup section */
		492F4E5928B7CD3F00849C72 /* AddEntry */ = {
			isa = PBXGroup;
			children = (
				492F4E5728B7CD3C00849C72 /* AddEntryView.swift */,
				492F4E5A28B7D1A700849C72 /* AddEntryViewModel.swift */,
			);
			path = AddEntry;
			sourceTree = "<group>";
		};
		493240FA28FAE7F10080139C /* Extensions */ = {
			isa = PBXGroup;
			children = (
				493240FB28FAE8B70080139C /* View.swift */,
			);
			path = Extensions;
			sourceTree = "<group>";
		};
		493A48D328F1E0EA005E7CAE /* Extensions */ = {
			isa = PBXGroup;
			children = (
				493A48D828F1E11C005E7CAE /* Color.swift */,
				493A48DC28F1E1BA005E7CAE /* Typography.swift */,
			);
			path = Extensions;
			sourceTree = "<group>";
		};
		493BC5C928AFF0D90059E434 /* Kiwi Watch App */ = {
			isa = PBXGroup;
			children = (
				493A48D328F1E0EA005E7CAE /* Extensions */,
				49FB835728D2317000911895 /* Components */,
				49E194C828B1458700EE949D /* Core */,
				494B39E728AFF26100E489E6 /* Kiwi-Watch-App-Info.plist */,
				494B39E428AFF25500E489E6 /* Kiwi Watch App.entitlements */,
				493BC5CA28AFF0D90059E434 /* KiwiApp.swift */,
				493BC5CE28AFF0DA0059E434 /* Assets.xcassets */,
				493BC5D028AFF0DA0059E434 /* Preview Content */,
			);
			path = "Kiwi Watch App";
			sourceTree = "<group>";
		};
		493BC5D028AFF0DA0059E434 /* Preview Content */ = {
			isa = PBXGroup;
			children = (
				493BC5D128AFF0DA0059E434 /* Preview Assets.xcassets */,
			);
			path = "Preview Content";
			sourceTree = "<group>";
		};
		49831D9028CC3EFF000E9DAF /* Components */ = {
			isa = PBXGroup;
			children = (
				49831D9628CC4126000E9DAF /* EntryItem.swift */,
			);
			path = Components;
			sourceTree = "<group>";
		};
		49B631E128AFCB2700E14DFE = {
			isa = PBXGroup;
			children = (
				49B6321028AFD56100E14DFE /* Kiwi--iOS--Info.plist */,
				49B6320C28AFD50C00E14DFE /* Kiwi (iOS).entitlements */,
				49B631E628AFCB2700E14DFE /* Shared */,
				49B631F828AFCB2A00E14DFE /* macOS */,
				493BC5C928AFF0D90059E434 /* Kiwi Watch App */,
				49B631F228AFCB2A00E14DFE /* Products */,
				49B6320D28AFD51B00E14DFE /* Frameworks */,
			);
			sourceTree = "<group>";
		};
		49B631E628AFCB2700E14DFE /* Shared */ = {
			isa = PBXGroup;
			children = (
				493240FA28FAE7F10080139C /* Extensions */,
				49831D9028CC3EFF000E9DAF /* Components */,
				49E194C128B143A200EE949D /* Helpers */,
				49E194B828B1325200EE949D /* Core */,
				49B631E928AFCB2700E14DFE /* KiwiApp.swift */,
				49B631EB28AFCB2700E14DFE /* Persistence.swift */,
				49B631EC28AFCB2A00E14DFE /* Assets.xcassets */,
				49B631E728AFCB2700E14DFE /* Kiwi.xcdatamodeld */,
				493A48CF28F1D825005E7CAE /* PreviewHelper.swift */,
			);
			path = Shared;
			sourceTree = "<group>";
		};
		49B631F228AFCB2A00E14DFE /* Products */ = {
			isa = PBXGroup;
			children = (
				49B631F128AFCB2A00E14DFE /* Kiwi.app */,
				49B631F728AFCB2A00E14DFE /* Kiwi.app */,
				493BC5C828AFF0D90059E434 /* Kiwi Watch App.app */,
			);
			name = Products;
			sourceTree = "<group>";
		};
		49B631F828AFCB2A00E14DFE /* macOS */ = {
			isa = PBXGroup;
			children = (
				49B631F928AFCB2A00E14DFE /* macOS.entitlements */,
			);
			path = macOS;
			sourceTree = "<group>";
		};
		49B6320D28AFD51B00E14DFE /* Frameworks */ = {
			isa = PBXGroup;
			children = (
				494B39E528AFF25800E489E6 /* CloudKit.framework */,
				494B39E228AFF23F00E489E6 /* CloudKit.framework */,
				49B6320E28AFD51B00E14DFE /* CloudKit.framework */,
			);
			name = Frameworks;
			sourceTree = "<group>";
		};
		49E194B828B1325200EE949D /* Core */ = {
			isa = PBXGroup;
			children = (
				492F4E5928B7CD3F00849C72 /* AddEntry */,
				49E194BD28B132DD00EE949D /* Pocket */,
				49E194B928B1328B00EE949D /* Content */,
			);
			path = Core;
			sourceTree = "<group>";
		};
		49E194B928B1328B00EE949D /* Content */ = {
			isa = PBXGroup;
			children = (
				49B631EA28AFCB2700E14DFE /* ContentView.swift */,
				49E194B328B11F4700EE949D /* ContentViewModel.swift */,
			);
			path = Content;
			sourceTree = "<group>";
		};
		49E194BD28B132DD00EE949D /* Pocket */ = {
			isa = PBXGroup;
			children = (
				49C8161428CB8B4D00652335 /* PocketViewModel.swift */,
				49E194BA28B132D700EE949D /* PocketView.swift */,
			);
			path = Pocket;
			sourceTree = "<group>";
		};
		49E194C128B143A200EE949D /* Helpers */ = {
			isa = PBXGroup;
			children = (
				49CF7DF3290059DB009F925B /* DefaultValues.swift */,
				49CF7DF729005CD9009F925B /* CustomUserDefaults.swift */,
				49E194C228B1440C00EE949D /* Formatter.swift */,
				49ADC55D28F716E2007860A2 /* DateHelper.swift */,
			);
			path = Helpers;
			sourceTree = "<group>";
		};
		49E194C828B1458700EE949D /* Core */ = {
			isa = PBXGroup;
			children = (
				49E22B17291C07980092A929 /* AddEntry */,
				49E194C628B1457F00EE949D /* PocketView.swift */,
				493BC5CC28AFF0D90059E434 /* ContentView.swift */,
			);
			path = Core;
			sourceTree = "<group>";
		};
		49E22B17291C07980092A929 /* AddEntry */ = {
			isa = PBXGroup;
			children = (
				49666FC928BBC788006ED849 /* AddEntryView.swift */,
				49E22B15291C03ED0092A929 /* CategorySelectionView.swift */,
			);
			path = AddEntry;
			sourceTree = "<group>";
		};
		49FB835728D2317000911895 /* Components */ = {
			isa = PBXGroup;
			children = (
				49FB835828D2317C00911895 /* EntryItem.swift */,
				49A4856028F4717800DCB09C /* BalanceCard.swift */,
				4984211528FF04E4000B2B6F /* ActionButton.swift */,
				4984211728FF0633000B2B6F /* NavigationItem.swift */,
				49E22B18291C07DF0092A929 /* CategoryItem.swift */,
			);
			path = Components;
			sourceTree = "<group>";
		};
/* End PBXGroup section */

/* Begin PBXNativeTarget section */
		493BC5C728AFF0D90059E434 /* Kiwi Watch App */ = {
			isa = PBXNativeTarget;
			buildConfigurationList = 493BC5D928AFF0DA0059E434 /* Build configuration list for PBXNativeTarget "Kiwi Watch App" */;
			buildPhases = (
				493BC5C428AFF0D90059E434 /* Sources */,
				493BC5C528AFF0D90059E434 /* Frameworks */,
				493BC5C628AFF0D90059E434 /* Resources */,
			);
			buildRules = (
			);
			dependencies = (
			);
			name = "Kiwi Watch App";
			productName = "Kiwi Watch App";
			productReference = 493BC5C828AFF0D90059E434 /* Kiwi Watch App.app */;
			productType = "com.apple.product-type.application";
		};
		49B631F028AFCB2A00E14DFE /* Kiwi (iOS) */ = {
			isa = PBXNativeTarget;
			buildConfigurationList = 49B6320628AFCB2A00E14DFE /* Build configuration list for PBXNativeTarget "Kiwi (iOS)" */;
			buildPhases = (
				49B631ED28AFCB2A00E14DFE /* Sources */,
				49B631EE28AFCB2A00E14DFE /* Frameworks */,
				49B631EF28AFCB2A00E14DFE /* Resources */,
				493BC5D628AFF0DA0059E434 /* Embed Watch Content */,
			);
			buildRules = (
			);
			dependencies = (
				493BC5D428AFF0DA0059E434 /* PBXTargetDependency */,
			);
			name = "Kiwi (iOS)";
			productName = "Kiwi (iOS)";
			productReference = 49B631F128AFCB2A00E14DFE /* Kiwi.app */;
			productType = "com.apple.product-type.application";
		};
		49B631F628AFCB2A00E14DFE /* Kiwi (macOS) */ = {
			isa = PBXNativeTarget;
			buildConfigurationList = 49B6320928AFCB2A00E14DFE /* Build configuration list for PBXNativeTarget "Kiwi (macOS)" */;
			buildPhases = (
				49B631F328AFCB2A00E14DFE /* Sources */,
				49B631F428AFCB2A00E14DFE /* Frameworks */,
				49B631F528AFCB2A00E14DFE /* Resources */,
			);
			buildRules = (
			);
			dependencies = (
			);
			name = "Kiwi (macOS)";
			productName = "Kiwi (macOS)";
			productReference = 49B631F728AFCB2A00E14DFE /* Kiwi.app */;
			productType = "com.apple.product-type.application";
		};
/* End PBXNativeTarget section */

/* Begin PBXProject section */
		49B631E228AFCB2700E14DFE /* Project object */ = {
			isa = PBXProject;
			attributes = {
				BuildIndependentTargetsInParallel = 1;
				LastSwiftUpdateCheck = 1400;
				LastUpgradeCheck = 1400;
				TargetAttributes = {
					493BC5C728AFF0D90059E434 = {
						CreatedOnToolsVersion = 14.0;
					};
					49B631F028AFCB2A00E14DFE = {
						CreatedOnToolsVersion = 13.4.1;
					};
					49B631F628AFCB2A00E14DFE = {
						CreatedOnToolsVersion = 13.4.1;
					};
				};
			};
			buildConfigurationList = 49B631E528AFCB2700E14DFE /* Build configuration list for PBXProject "Kiwi" */;
			compatibilityVersion = "Xcode 13.0";
			developmentRegion = en;
			hasScannedForEncodings = 0;
			knownRegions = (
				en,
				Base,
			);
			mainGroup = 49B631E128AFCB2700E14DFE;
			productRefGroup = 49B631F228AFCB2A00E14DFE /* Products */;
			projectDirPath = "";
			projectRoot = "";
			targets = (
				49B631F028AFCB2A00E14DFE /* Kiwi (iOS) */,
				49B631F628AFCB2A00E14DFE /* Kiwi (macOS) */,
				493BC5C728AFF0D90059E434 /* Kiwi Watch App */,
			);
		};
/* End PBXProject section */

/* Begin PBXResourcesBuildPhase section */
		493BC5C628AFF0D90059E434 /* Resources */ = {
			isa = PBXResourcesBuildPhase;
			buildActionMask = 2147483647;
			files = (
				493BC5D228AFF0DA0059E434 /* Preview Assets.xcassets in Resources */,
				493BC5CF28AFF0DA0059E434 /* Assets.xcassets in Resources */,
			);
			runOnlyForDeploymentPostprocessing = 0;
		};
		49B631EF28AFCB2A00E14DFE /* Resources */ = {
			isa = PBXResourcesBuildPhase;
			buildActionMask = 2147483647;
			files = (
				49B6320228AFCB2A00E14DFE /* Assets.xcassets in Resources */,
			);
			runOnlyForDeploymentPostprocessing = 0;
		};
		49B631F528AFCB2A00E14DFE /* Resources */ = {
			isa = PBXResourcesBuildPhase;
			buildActionMask = 2147483647;
			files = (
				49B6320328AFCB2A00E14DFE /* Assets.xcassets in Resources */,
			);
			runOnlyForDeploymentPostprocessing = 0;
		};
/* End PBXResourcesBuildPhase section */

/* Begin PBXSourcesBuildPhase section */
		493BC5C428AFF0D90059E434 /* Sources */ = {
			isa = PBXSourcesBuildPhase;
			buildActionMask = 2147483647;
			files = (
				493A48DD28F1E1BA005E7CAE /* Typography.swift in Sources */,
				493A48D228F1D825005E7CAE /* PreviewHelper.swift in Sources */,
				49FB835928D2317C00911895 /* EntryItem.swift in Sources */,
				49A4856128F4717800DCB09C /* BalanceCard.swift in Sources */,
				493240FE28FAE8B70080139C /* View.swift in Sources */,
				49CF7DF6290059DB009F925B /* DefaultValues.swift in Sources */,
				4984211628FF04E4000B2B6F /* ActionButton.swift in Sources */,
				49E194C928B145BE00EE949D /* ContentViewModel.swift in Sources */,
				494B39E128AFF16F00E489E6 /* Persistence.swift in Sources */,
				49E22B19291C07DF0092A929 /* CategoryItem.swift in Sources */,
				493A48DB28F1E11C005E7CAE /* Color.swift in Sources */,
				49C8161728CB8B4D00652335 /* PocketViewModel.swift in Sources */,
				494B39E828AFF32700E489E6 /* Kiwi.xcdatamodeld in Sources */,
				49ADC56028F716E2007860A2 /* DateHelper.swift in Sources */,
				492F4E5D28B7D1A700849C72 /* AddEntryViewModel.swift in Sources */,
				493BC5CD28AFF0D90059E434 /* ContentView.swift in Sources */,
				49CF7DFA29005CD9009F925B /* CustomUserDefaults.swift in Sources */,
				493BC5CB28AFF0D90059E434 /* KiwiApp.swift in Sources */,
				49E194CA28B1461600EE949D /* Formatter.swift in Sources */,
				49E194C728B1457F00EE949D /* PocketView.swift in Sources */,
				49E22B16291C03ED0092A929 /* CategorySelectionView.swift in Sources */,
				49666FCA28BBC788006ED849 /* AddEntryView.swift in Sources */,
				4984211828FF0633000B2B6F /* NavigationItem.swift in Sources */,
			);
			runOnlyForDeploymentPostprocessing = 0;
		};
		49B631ED28AFCB2A00E14DFE /* Sources */ = {
			isa = PBXSourcesBuildPhase;
			buildActionMask = 2147483647;
			files = (
				493A48D028F1D825005E7CAE /* PreviewHelper.swift in Sources */,
				49831D9728CC4126000E9DAF /* EntryItem.swift in Sources */,
				492F4E5828B7CD3C00849C72 /* AddEntryView.swift in Sources */,
				49B631FA28AFCB2A00E14DFE /* Kiwi.xcdatamodeld in Sources */,
				49C8161528CB8B4D00652335 /* PocketViewModel.swift in Sources */,
				49CF7DF829005CD9009F925B /* CustomUserDefaults.swift in Sources */,
				49B6320028AFCB2A00E14DFE /* Persistence.swift in Sources */,
				492F4E5B28B7D1A700849C72 /* AddEntryViewModel.swift in Sources */,
				49B631FC28AFCB2A00E14DFE /* KiwiApp.swift in Sources */,
				49ADC55E28F716E2007860A2 /* DateHelper.swift in Sources */,
				49B631FE28AFCB2A00E14DFE /* ContentView.swift in Sources */,
				49CF7DF4290059DB009F925B /* DefaultValues.swift in Sources */,
				49E194B428B11F4700EE949D /* ContentViewModel.swift in Sources */,
				49E194C328B1440C00EE949D /* Formatter.swift in Sources */,
				493240FC28FAE8B70080139C /* View.swift in Sources */,
				49E194BB28B132D700EE949D /* PocketView.swift in Sources */,
			);
			runOnlyForDeploymentPostprocessing = 0;
		};
		49B631F328AFCB2A00E14DFE /* Sources */ = {
			isa = PBXSourcesBuildPhase;
			buildActionMask = 2147483647;
			files = (
				493A48D128F1D825005E7CAE /* PreviewHelper.swift in Sources */,
				49831D9828CC4126000E9DAF /* EntryItem.swift in Sources */,
				49B631FB28AFCB2A00E14DFE /* Kiwi.xcdatamodeld in Sources */,
				49B6320128AFCB2A00E14DFE /* Persistence.swift in Sources */,
				49C8161628CB8B4D00652335 /* PocketViewModel.swift in Sources */,
				49CF7DF929005CD9009F925B /* CustomUserDefaults.swift in Sources */,
				49B631FD28AFCB2A00E14DFE /* KiwiApp.swift in Sources */,
				49B631FF28AFCB2A00E14DFE /* ContentView.swift in Sources */,
				492F4E5C28B7D1A700849C72 /* AddEntryViewModel.swift in Sources */,
				49ADC55F28F716E2007860A2 /* DateHelper.swift in Sources */,
				49E194B528B11F4700EE949D /* ContentViewModel.swift in Sources */,
				49CF7DF5290059DB009F925B /* DefaultValues.swift in Sources */,
				49E194C428B1440C00EE949D /* Formatter.swift in Sources */,
				49E194BC28B132D700EE949D /* PocketView.swift in Sources */,
				493240FD28FAE8B70080139C /* View.swift in Sources */,
				492F4E5E28B7D1B400849C72 /* AddEntryView.swift in Sources */,
			);
			runOnlyForDeploymentPostprocessing = 0;
		};
/* End PBXSourcesBuildPhase section */

/* Begin PBXTargetDependency section */
		493BC5D428AFF0DA0059E434 /* PBXTargetDependency */ = {
			isa = PBXTargetDependency;
			target = 493BC5C728AFF0D90059E434 /* Kiwi Watch App */;
			targetProxy = 493BC5D328AFF0DA0059E434 /* PBXContainerItemProxy */;
		};
/* End PBXTargetDependency section */

/* Begin XCBuildConfiguration section */
		493BC5D728AFF0DA0059E434 /* Debug */ = {
			isa = XCBuildConfiguration;
			buildSettings = {
				ASSETCATALOG_COMPILER_APPICON_NAME = AppIcon;
				ASSETCATALOG_COMPILER_GLOBAL_ACCENT_COLOR_NAME = AccentColor;
				CLANG_CXX_LANGUAGE_STANDARD = "gnu++20";
				CODE_SIGN_ENTITLEMENTS = "Kiwi Watch App/Kiwi Watch App.entitlements";
				CODE_SIGN_STYLE = Automatic;
				CURRENT_PROJECT_VERSION = 1;
				DEVELOPMENT_ASSET_PATHS = "\"Kiwi Watch App/Preview Content\"";
				DEVELOPMENT_TEAM = QQS593TJVN;
				ENABLE_PREVIEWS = YES;
				GENERATE_INFOPLIST_FILE = YES;
				INFOPLIST_FILE = "Kiwi-Watch-App-Info.plist";
				INFOPLIST_KEY_CFBundleDisplayName = Kiwi;
				INFOPLIST_KEY_UISupportedInterfaceOrientations = "UIInterfaceOrientationPortrait UIInterfaceOrientationPortraitUpsideDown";
				INFOPLIST_KEY_WKCompanionAppBundleIdentifier = com.laporatory.Kiwi;
				LD_RUNPATH_SEARCH_PATHS = (
					"$(inherited)",
					"@executable_path/Frameworks",
				);
				MARKETING_VERSION = 1.0;
				PRODUCT_BUNDLE_IDENTIFIER = com.laporatory.Kiwi.watchkitapp;
				PRODUCT_NAME = "$(TARGET_NAME)";
				SDKROOT = watchos;
				SKIP_INSTALL = YES;
				SWIFT_EMIT_LOC_STRINGS = YES;
				SWIFT_VERSION = 5.0;
				TARGETED_DEVICE_FAMILY = 4;
				WATCHOS_DEPLOYMENT_TARGET = 9.0;
			};
			name = Debug;
		};
		493BC5D828AFF0DA0059E434 /* Release */ = {
			isa = XCBuildConfiguration;
			buildSettings = {
				ASSETCATALOG_COMPILER_APPICON_NAME = AppIcon;
				ASSETCATALOG_COMPILER_GLOBAL_ACCENT_COLOR_NAME = AccentColor;
				CLANG_CXX_LANGUAGE_STANDARD = "gnu++20";
				CODE_SIGN_ENTITLEMENTS = "Kiwi Watch App/Kiwi Watch App.entitlements";
				CODE_SIGN_STYLE = Automatic;
				CURRENT_PROJECT_VERSION = 1;
				DEVELOPMENT_ASSET_PATHS = "\"Kiwi Watch App/Preview Content\"";
				DEVELOPMENT_TEAM = QQS593TJVN;
				ENABLE_PREVIEWS = YES;
				GENERATE_INFOPLIST_FILE = YES;
				INFOPLIST_FILE = "Kiwi-Watch-App-Info.plist";
				INFOPLIST_KEY_CFBundleDisplayName = Kiwi;
				INFOPLIST_KEY_UISupportedInterfaceOrientations = "UIInterfaceOrientationPortrait UIInterfaceOrientationPortraitUpsideDown";
				INFOPLIST_KEY_WKCompanionAppBundleIdentifier = com.laporatory.Kiwi;
				LD_RUNPATH_SEARCH_PATHS = (
					"$(inherited)",
					"@executable_path/Frameworks",
				);
				MARKETING_VERSION = 1.0;
				PRODUCT_BUNDLE_IDENTIFIER = com.laporatory.Kiwi.watchkitapp;
				PRODUCT_NAME = "$(TARGET_NAME)";
				SDKROOT = watchos;
				SKIP_INSTALL = YES;
				SWIFT_EMIT_LOC_STRINGS = YES;
				SWIFT_VERSION = 5.0;
				TARGETED_DEVICE_FAMILY = 4;
				VALIDATE_PRODUCT = YES;
				WATCHOS_DEPLOYMENT_TARGET = 9.0;
			};
			name = Release;
		};
		49B6320428AFCB2A00E14DFE /* Debug */ = {
			isa = XCBuildConfiguration;
			buildSettings = {
				ALWAYS_SEARCH_USER_PATHS = NO;
				CLANG_ANALYZER_NONNULL = YES;
				CLANG_ANALYZER_NUMBER_OBJECT_CONVERSION = YES_AGGRESSIVE;
				CLANG_CXX_LANGUAGE_STANDARD = "gnu++17";
				CLANG_ENABLE_MODULES = YES;
				CLANG_ENABLE_OBJC_ARC = YES;
				CLANG_ENABLE_OBJC_WEAK = YES;
				CLANG_WARN_BLOCK_CAPTURE_AUTORELEASING = YES;
				CLANG_WARN_BOOL_CONVERSION = YES;
				CLANG_WARN_COMMA = YES;
				CLANG_WARN_CONSTANT_CONVERSION = YES;
				CLANG_WARN_DEPRECATED_OBJC_IMPLEMENTATIONS = YES;
				CLANG_WARN_DIRECT_OBJC_ISA_USAGE = YES_ERROR;
				CLANG_WARN_DOCUMENTATION_COMMENTS = YES;
				CLANG_WARN_EMPTY_BODY = YES;
				CLANG_WARN_ENUM_CONVERSION = YES;
				CLANG_WARN_INFINITE_RECURSION = YES;
				CLANG_WARN_INT_CONVERSION = YES;
				CLANG_WARN_NON_LITERAL_NULL_CONVERSION = YES;
				CLANG_WARN_OBJC_IMPLICIT_RETAIN_SELF = YES;
				CLANG_WARN_OBJC_LITERAL_CONVERSION = YES;
				CLANG_WARN_OBJC_ROOT_CLASS = YES_ERROR;
				CLANG_WARN_QUOTED_INCLUDE_IN_FRAMEWORK_HEADER = YES;
				CLANG_WARN_RANGE_LOOP_ANALYSIS = YES;
				CLANG_WARN_STRICT_PROTOTYPES = YES;
				CLANG_WARN_SUSPICIOUS_MOVE = YES;
				CLANG_WARN_UNGUARDED_AVAILABILITY = YES_AGGRESSIVE;
				CLANG_WARN_UNREACHABLE_CODE = YES;
				CLANG_WARN__DUPLICATE_METHOD_MATCH = YES;
				COPY_PHASE_STRIP = NO;
				DEAD_CODE_STRIPPING = YES;
				DEBUG_INFORMATION_FORMAT = dwarf;
				ENABLE_STRICT_OBJC_MSGSEND = YES;
				ENABLE_TESTABILITY = YES;
				GCC_C_LANGUAGE_STANDARD = gnu11;
				GCC_DYNAMIC_NO_PIC = NO;
				GCC_NO_COMMON_BLOCKS = YES;
				GCC_OPTIMIZATION_LEVEL = 0;
				GCC_PREPROCESSOR_DEFINITIONS = (
					"DEBUG=1",
					"$(inherited)",
				);
				GCC_WARN_64_TO_32_BIT_CONVERSION = YES;
				GCC_WARN_ABOUT_RETURN_TYPE = YES_ERROR;
				GCC_WARN_UNDECLARED_SELECTOR = YES;
				GCC_WARN_UNINITIALIZED_AUTOS = YES_AGGRESSIVE;
				GCC_WARN_UNUSED_FUNCTION = YES;
				GCC_WARN_UNUSED_VARIABLE = YES;
				IPHONEOS_DEPLOYMENT_TARGET = 16.0;
				MACOSX_DEPLOYMENT_TARGET = 12.4;
				MTL_ENABLE_DEBUG_INFO = INCLUDE_SOURCE;
				MTL_FAST_MATH = YES;
				ONLY_ACTIVE_ARCH = YES;
				SWIFT_ACTIVE_COMPILATION_CONDITIONS = DEBUG;
				SWIFT_OPTIMIZATION_LEVEL = "-Onone";
				WATCHOS_DEPLOYMENT_TARGET = 9.0;
			};
			name = Debug;
		};
		49B6320528AFCB2A00E14DFE /* Release */ = {
			isa = XCBuildConfiguration;
			buildSettings = {
				ALWAYS_SEARCH_USER_PATHS = NO;
				CLANG_ANALYZER_NONNULL = YES;
				CLANG_ANALYZER_NUMBER_OBJECT_CONVERSION = YES_AGGRESSIVE;
				CLANG_CXX_LANGUAGE_STANDARD = "gnu++17";
				CLANG_ENABLE_MODULES = YES;
				CLANG_ENABLE_OBJC_ARC = YES;
				CLANG_ENABLE_OBJC_WEAK = YES;
				CLANG_WARN_BLOCK_CAPTURE_AUTORELEASING = YES;
				CLANG_WARN_BOOL_CONVERSION = YES;
				CLANG_WARN_COMMA = YES;
				CLANG_WARN_CONSTANT_CONVERSION = YES;
				CLANG_WARN_DEPRECATED_OBJC_IMPLEMENTATIONS = YES;
				CLANG_WARN_DIRECT_OBJC_ISA_USAGE = YES_ERROR;
				CLANG_WARN_DOCUMENTATION_COMMENTS = YES;
				CLANG_WARN_EMPTY_BODY = YES;
				CLANG_WARN_ENUM_CONVERSION = YES;
				CLANG_WARN_INFINITE_RECURSION = YES;
				CLANG_WARN_INT_CONVERSION = YES;
				CLANG_WARN_NON_LITERAL_NULL_CONVERSION = YES;
				CLANG_WARN_OBJC_IMPLICIT_RETAIN_SELF = YES;
				CLANG_WARN_OBJC_LITERAL_CONVERSION = YES;
				CLANG_WARN_OBJC_ROOT_CLASS = YES_ERROR;
				CLANG_WARN_QUOTED_INCLUDE_IN_FRAMEWORK_HEADER = YES;
				CLANG_WARN_RANGE_LOOP_ANALYSIS = YES;
				CLANG_WARN_STRICT_PROTOTYPES = YES;
				CLANG_WARN_SUSPICIOUS_MOVE = YES;
				CLANG_WARN_UNGUARDED_AVAILABILITY = YES_AGGRESSIVE;
				CLANG_WARN_UNREACHABLE_CODE = YES;
				CLANG_WARN__DUPLICATE_METHOD_MATCH = YES;
				COPY_PHASE_STRIP = NO;
				DEAD_CODE_STRIPPING = YES;
				DEBUG_INFORMATION_FORMAT = "dwarf-with-dsym";
				ENABLE_NS_ASSERTIONS = NO;
				ENABLE_STRICT_OBJC_MSGSEND = YES;
				GCC_C_LANGUAGE_STANDARD = gnu11;
				GCC_NO_COMMON_BLOCKS = YES;
				GCC_WARN_64_TO_32_BIT_CONVERSION = YES;
				GCC_WARN_ABOUT_RETURN_TYPE = YES_ERROR;
				GCC_WARN_UNDECLARED_SELECTOR = YES;
				GCC_WARN_UNINITIALIZED_AUTOS = YES_AGGRESSIVE;
				GCC_WARN_UNUSED_FUNCTION = YES;
				GCC_WARN_UNUSED_VARIABLE = YES;
				IPHONEOS_DEPLOYMENT_TARGET = 16.0;
				MACOSX_DEPLOYMENT_TARGET = 12.4;
				MTL_ENABLE_DEBUG_INFO = NO;
				MTL_FAST_MATH = YES;
				SWIFT_COMPILATION_MODE = wholemodule;
				SWIFT_OPTIMIZATION_LEVEL = "-O";
				WATCHOS_DEPLOYMENT_TARGET = 9.0;
			};
			name = Release;
		};
		49B6320728AFCB2A00E14DFE /* Debug */ = {
			isa = XCBuildConfiguration;
			buildSettings = {
				ALWAYS_EMBED_SWIFT_STANDARD_LIBRARIES = YES;
				ASSETCATALOG_COMPILER_APPICON_NAME = AppIcon;
				ASSETCATALOG_COMPILER_GLOBAL_ACCENT_COLOR_NAME = AccentColor;
				CODE_SIGN_ENTITLEMENTS = "Kiwi (iOS).entitlements";
				CODE_SIGN_STYLE = Automatic;
				CURRENT_PROJECT_VERSION = 1;
				DEVELOPMENT_TEAM = QQS593TJVN;
				ENABLE_PREVIEWS = YES;
				GENERATE_INFOPLIST_FILE = YES;
				INFOPLIST_FILE = "Kiwi--iOS--Info.plist";
				INFOPLIST_KEY_UIApplicationSceneManifest_Generation = YES;
				INFOPLIST_KEY_UIApplicationSupportsIndirectInputEvents = YES;
				INFOPLIST_KEY_UILaunchScreen_Generation = YES;
				INFOPLIST_KEY_UISupportedInterfaceOrientations_iPad = "UIInterfaceOrientationPortrait UIInterfaceOrientationPortraitUpsideDown UIInterfaceOrientationLandscapeLeft UIInterfaceOrientationLandscapeRight";
				INFOPLIST_KEY_UISupportedInterfaceOrientations_iPhone = "UIInterfaceOrientationPortrait UIInterfaceOrientationLandscapeLeft UIInterfaceOrientationLandscapeRight";
				IPHONEOS_DEPLOYMENT_TARGET = 16.0;
				LD_RUNPATH_SEARCH_PATHS = (
					"$(inherited)",
					"@executable_path/Frameworks",
				);
				MARKETING_VERSION = 0.1.0;
				PRODUCT_BUNDLE_IDENTIFIER = com.laporatory.Kiwi;
				PRODUCT_NAME = Kiwi;
				SDKROOT = iphoneos;
				SWIFT_EMIT_LOC_STRINGS = YES;
				SWIFT_VERSION = 5.0;
				TARGETED_DEVICE_FAMILY = "1,2";
			};
			name = Debug;
		};
		49B6320828AFCB2A00E14DFE /* Release */ = {
			isa = XCBuildConfiguration;
			buildSettings = {
				ALWAYS_EMBED_SWIFT_STANDARD_LIBRARIES = YES;
				ASSETCATALOG_COMPILER_APPICON_NAME = AppIcon;
				ASSETCATALOG_COMPILER_GLOBAL_ACCENT_COLOR_NAME = AccentColor;
				CODE_SIGN_ENTITLEMENTS = "Kiwi (iOS).entitlements";
				CODE_SIGN_STYLE = Automatic;
				CURRENT_PROJECT_VERSION = 1;
				DEVELOPMENT_TEAM = QQS593TJVN;
				ENABLE_PREVIEWS = YES;
				GENERATE_INFOPLIST_FILE = YES;
				INFOPLIST_FILE = "Kiwi--iOS--Info.plist";
				INFOPLIST_KEY_UIApplicationSceneManifest_Generation = YES;
				INFOPLIST_KEY_UIApplicationSupportsIndirectInputEvents = YES;
				INFOPLIST_KEY_UILaunchScreen_Generation = YES;
				INFOPLIST_KEY_UISupportedInterfaceOrientations_iPad = "UIInterfaceOrientationPortrait UIInterfaceOrientationPortraitUpsideDown UIInterfaceOrientationLandscapeLeft UIInterfaceOrientationLandscapeRight";
				INFOPLIST_KEY_UISupportedInterfaceOrientations_iPhone = "UIInterfaceOrientationPortrait UIInterfaceOrientationLandscapeLeft UIInterfaceOrientationLandscapeRight";
				IPHONEOS_DEPLOYMENT_TARGET = 16.0;
				LD_RUNPATH_SEARCH_PATHS = (
					"$(inherited)",
					"@executable_path/Frameworks",
				);
				MARKETING_VERSION = 0.1.0;
				PRODUCT_BUNDLE_IDENTIFIER = com.laporatory.Kiwi;
				PRODUCT_NAME = Kiwi;
				SDKROOT = iphoneos;
				SWIFT_EMIT_LOC_STRINGS = YES;
				SWIFT_VERSION = 5.0;
				TARGETED_DEVICE_FAMILY = "1,2";
				VALIDATE_PRODUCT = YES;
			};
			name = Release;
		};
		49B6320A28AFCB2A00E14DFE /* Debug */ = {
			isa = XCBuildConfiguration;
			buildSettings = {
				ASSETCATALOG_COMPILER_APPICON_NAME = AppIcon;
				ASSETCATALOG_COMPILER_GLOBAL_ACCENT_COLOR_NAME = AccentColor;
				CODE_SIGN_ENTITLEMENTS = macOS/macOS.entitlements;
				CODE_SIGN_IDENTITY = "-";
				"CODE_SIGN_IDENTITY[sdk=macosx*]" = "Apple Development";
				CODE_SIGN_STYLE = Automatic;
				COMBINE_HIDPI_IMAGES = YES;
				CURRENT_PROJECT_VERSION = 1;
				DEAD_CODE_STRIPPING = YES;
				DEVELOPMENT_TEAM = QQS593TJVN;
				ENABLE_HARDENED_RUNTIME = YES;
				ENABLE_PREVIEWS = YES;
				GENERATE_INFOPLIST_FILE = YES;
				INFOPLIST_KEY_NSHumanReadableCopyright = "";
				LD_RUNPATH_SEARCH_PATHS = (
					"$(inherited)",
					"@executable_path/../Frameworks",
				);
				MACOSX_DEPLOYMENT_TARGET = 12.3;
				MARKETING_VERSION = 0.1.0;
				PRODUCT_BUNDLE_IDENTIFIER = com.laporatory.Kiwi;
				PRODUCT_NAME = Kiwi;
				SDKROOT = macosx;
				SWIFT_EMIT_LOC_STRINGS = YES;
				SWIFT_VERSION = 5.0;
			};
			name = Debug;
		};
		49B6320B28AFCB2A00E14DFE /* Release */ = {
			isa = XCBuildConfiguration;
			buildSettings = {
				ASSETCATALOG_COMPILER_APPICON_NAME = AppIcon;
				ASSETCATALOG_COMPILER_GLOBAL_ACCENT_COLOR_NAME = AccentColor;
				CODE_SIGN_ENTITLEMENTS = macOS/macOS.entitlements;
				CODE_SIGN_IDENTITY = "-";
				"CODE_SIGN_IDENTITY[sdk=macosx*]" = "Apple Development";
				CODE_SIGN_STYLE = Automatic;
				COMBINE_HIDPI_IMAGES = YES;
				CURRENT_PROJECT_VERSION = 1;
				DEAD_CODE_STRIPPING = YES;
				DEVELOPMENT_TEAM = QQS593TJVN;
				ENABLE_HARDENED_RUNTIME = YES;
				ENABLE_PREVIEWS = YES;
				GENERATE_INFOPLIST_FILE = YES;
				INFOPLIST_KEY_NSHumanReadableCopyright = "";
				LD_RUNPATH_SEARCH_PATHS = (
					"$(inherited)",
					"@executable_path/../Frameworks",
				);
				MACOSX_DEPLOYMENT_TARGET = 12.3;
				MARKETING_VERSION = 0.1.0;
				PRODUCT_BUNDLE_IDENTIFIER = com.laporatory.Kiwi;
				PRODUCT_NAME = Kiwi;
				SDKROOT = macosx;
				SWIFT_EMIT_LOC_STRINGS = YES;
				SWIFT_VERSION = 5.0;
			};
			name = Release;
		};
/* End XCBuildConfiguration section */

/* Begin XCConfigurationList section */
		493BC5D928AFF0DA0059E434 /* Build configuration list for PBXNativeTarget "Kiwi Watch App" */ = {
			isa = XCConfigurationList;
			buildConfigurations = (
				493BC5D728AFF0DA0059E434 /* Debug */,
				493BC5D828AFF0DA0059E434 /* Release */,
			);
			defaultConfigurationIsVisible = 0;
			defaultConfigurationName = Release;
		};
		49B631E528AFCB2700E14DFE /* Build configuration list for PBXProject "Kiwi" */ = {
			isa = XCConfigurationList;
			buildConfigurations = (
				49B6320428AFCB2A00E14DFE /* Debug */,
				49B6320528AFCB2A00E14DFE /* Release */,
			);
			defaultConfigurationIsVisible = 0;
			defaultConfigurationName = Release;
		};
		49B6320628AFCB2A00E14DFE /* Build configuration list for PBXNativeTarget "Kiwi (iOS)" */ = {
			isa = XCConfigurationList;
			buildConfigurations = (
				49B6320728AFCB2A00E14DFE /* Debug */,
				49B6320828AFCB2A00E14DFE /* Release */,
			);
			defaultConfigurationIsVisible = 0;
			defaultConfigurationName = Release;
		};
		49B6320928AFCB2A00E14DFE /* Build configuration list for PBXNativeTarget "Kiwi (macOS)" */ = {
			isa = XCConfigurationList;
			buildConfigurations = (
				49B6320A28AFCB2A00E14DFE /* Debug */,
				49B6320B28AFCB2A00E14DFE /* Release */,
			);
			defaultConfigurationIsVisible = 0;
			defaultConfigurationName = Release;
		};
/* End XCConfigurationList section */

/* Begin XCVersionGroup section */
		49B631E728AFCB2700E14DFE /* Kiwi.xcdatamodeld */ = {
			isa = XCVersionGroup;
			children = (
				49B631E828AFCB2700E14DFE /* Shared.xcdatamodel */,
			);
			currentVersion = 49B631E828AFCB2700E14DFE /* Shared.xcdatamodel */;
			path = Kiwi.xcdatamodeld;
			sourceTree = "<group>";
			versionGroupType = wrapper.xcdatamodel;
		};
/* End XCVersionGroup section */
	};
	rootObject = 49B631E228AFCB2700E14DFE /* Project object */;
}
