// !$*UTF8*$!
{
	archiveVersion = 1;
	classes = {
	};
	objectVersion = 55;
	objects = {

/* Begin PBXBuildFile section */
		49B631FA28AFCB2A00E14DFE /* Kiwi.xcdatamodeld in Sources */ = {isa = PBXBuildFile; fileRef = 49B631E728AFCB2700E14DFE /* Kiwi.xcdatamodeld */; };
		49B631FB28AFCB2A00E14DFE /* Kiwi.xcdatamodeld in Sources */ = {isa = PBXBuildFile; fileRef = 49B631E728AFCB2700E14DFE /* Kiwi.xcdatamodeld */; };
		49B631FC28AFCB2A00E14DFE /* KiwiApp.swift in Sources */ = {isa = PBXBuildFile; fileRef = 49B631E928AFCB2700E14DFE /* KiwiApp.swift */; };
		49B631FD28AFCB2A00E14DFE /* KiwiApp.swift in Sources */ = {isa = PBXBuildFile; fileRef = 49B631E928AFCB2700E14DFE /* KiwiApp.swift */; };
		49B631FE28AFCB2A00E14DFE /* ContentView.swift in Sources */ = {isa = PBXBuildFile; fileRef = 49B631EA28AFCB2700E14DFE /* ContentView.swift */; };
		49B631FF28AFCB2A00E14DFE /* ContentView.swift in Sources */ = {isa = PBXBuildFile; fileRef = 49B631EA28AFCB2700E14DFE /* ContentView.swift */; };
		49B6320028AFCB2A00E14DFE /* Persistence.swift in Sources */ = {isa = PBXBuildFile; fileRef = 49B631EB28AFCB2700E14DFE /* Persistence.swift */; };
		49B6320128AFCB2A00E14DFE /* Persistence.swift in Sources */ = {isa = PBXBuildFile; fileRef = 49B631EB28AFCB2700E14DFE /* Persistence.swift */; };
		49B6320228AFCB2A00E14DFE /* Assets.xcassets in Resources */ = {isa = PBXBuildFile; fileRef = 49B631EC28AFCB2A00E14DFE /* Assets.xcassets */; };
		49B6320328AFCB2A00E14DFE /* Assets.xcassets in Resources */ = {isa = PBXBuildFile; fileRef = 49B631EC28AFCB2A00E14DFE /* Assets.xcassets */; };
/* End PBXBuildFile section */

/* Begin PBXFileReference section */
		49B631E828AFCB2700E14DFE /* Shared.xcdatamodel */ = {isa = PBXFileReference; lastKnownFileType = wrapper.xcdatamodel; path = Shared.xcdatamodel; sourceTree = "<group>"; };
		49B631E928AFCB2700E14DFE /* KiwiApp.swift */ = {isa = PBXFileReference; lastKnownFileType = sourcecode.swift; path = KiwiApp.swift; sourceTree = "<group>"; };
		49B631EA28AFCB2700E14DFE /* ContentView.swift */ = {isa = PBXFileReference; lastKnownFileType = sourcecode.swift; path = ContentView.swift; sourceTree = "<group>"; };
		49B631EB28AFCB2700E14DFE /* Persistence.swift */ = {isa = PBXFileReference; lastKnownFileType = sourcecode.swift; path = Persistence.swift; sourceTree = "<group>"; };
		49B631EC28AFCB2A00E14DFE /* Assets.xcassets */ = {isa = PBXFileReference; lastKnownFileType = folder.assetcatalog; path = Assets.xcassets; sourceTree = "<group>"; };
		49B631F128AFCB2A00E14DFE /* Kiwi.app */ = {isa = PBXFileReference; explicitFileType = wrapper.application; includeInIndex = 0; path = Kiwi.app; sourceTree = BUILT_PRODUCTS_DIR; };
		49B631F728AFCB2A00E14DFE /* Kiwi.app */ = {isa = PBXFileReference; explicitFileType = wrapper.application; includeInIndex = 0; path = Kiwi.app; sourceTree = BUILT_PRODUCTS_DIR; };
		49B631F928AFCB2A00E14DFE /* macOS.entitlements */ = {isa = PBXFileReference; lastKnownFileType = text.plist.entitlements; path = macOS.entitlements; sourceTree = "<group>"; };
/* End PBXFileReference section */

/* Begin PBXFrameworksBuildPhase section */
		49B631EE28AFCB2A00E14DFE /* Frameworks */ = {
			isa = PBXFrameworksBuildPhase;
			buildActionMask = 2147483647;
			files = (
			);
			runOnlyForDeploymentPostprocessing = 0;
		};
		49B631F428AFCB2A00E14DFE /* Frameworks */ = {
			isa = PBXFrameworksBuildPhase;
			buildActionMask = 2147483647;
			files = (
			);
			runOnlyForDeploymentPostprocessing = 0;
		};
/* End PBXFrameworksBuildPhase section */

/* Begin PBXGroup section */
		49B631E128AFCB2700E14DFE = {
			isa = PBXGroup;
			children = (
				49B631E628AFCB2700E14DFE /* Shared */,
				49B631F828AFCB2A00E14DFE /* macOS */,
				49B631F228AFCB2A00E14DFE /* Products */,
			);
			sourceTree = "<group>";
		};
		49B631E628AFCB2700E14DFE /* Shared */ = {
			isa = PBXGroup;
			children = (
				49B631E928AFCB2700E14DFE /* KiwiApp.swift */,
				49B631EA28AFCB2700E14DFE /* ContentView.swift */,
				49B631EB28AFCB2700E14DFE /* Persistence.swift */,
				49B631EC28AFCB2A00E14DFE /* Assets.xcassets */,
				49B631E728AFCB2700E14DFE /* Kiwi.xcdatamodeld */,
			);
			path = Shared;
			sourceTree = "<group>";
		};
		49B631F228AFCB2A00E14DFE /* Products */ = {
			isa = PBXGroup;
			children = (
				49B631F128AFCB2A00E14DFE /* Kiwi.app */,
				49B631F728AFCB2A00E14DFE /* Kiwi.app */,
			);
			name = Products;
			sourceTree = "<group>";
		};
		49B631F828AFCB2A00E14DFE /* macOS */ = {
			isa = PBXGroup;
			children = (
				49B631F928AFCB2A00E14DFE /* macOS.entitlements */,
			);
			path = macOS;
			sourceTree = "<group>";
		};
/* End PBXGroup section */

/* Begin PBXNativeTarget section */
		49B631F028AFCB2A00E14DFE /* Kiwi (iOS) */ = {
			isa = PBXNativeTarget;
			buildConfigurationList = 49B6320628AFCB2A00E14DFE /* Build configuration list for PBXNativeTarget "Kiwi (iOS)" */;
			buildPhases = (
				49B631ED28AFCB2A00E14DFE /* Sources */,
				49B631EE28AFCB2A00E14DFE /* Frameworks */,
				49B631EF28AFCB2A00E14DFE /* Resources */,
			);
			buildRules = (
			);
			dependencies = (
			);
			name = "Kiwi (iOS)";
			productName = "Kiwi (iOS)";
			productReference = 49B631F128AFCB2A00E14DFE /* Kiwi.app */;
			productType = "com.apple.product-type.application";
		};
		49B631F628AFCB2A00E14DFE /* Kiwi (macOS) */ = {
			isa = PBXNativeTarget;
			buildConfigurationList = 49B6320928AFCB2A00E14DFE /* Build configuration list for PBXNativeTarget "Kiwi (macOS)" */;
			buildPhases = (
				49B631F328AFCB2A00E14DFE /* Sources */,
				49B631F428AFCB2A00E14DFE /* Frameworks */,
				49B631F528AFCB2A00E14DFE /* Resources */,
			);
			buildRules = (
			);
			dependencies = (
			);
			name = "Kiwi (macOS)";
			productName = "Kiwi (macOS)";
			productReference = 49B631F728AFCB2A00E14DFE /* Kiwi.app */;
			productType = "com.apple.product-type.application";
		};
/* End PBXNativeTarget section */

/* Begin PBXProject section */
		49B631E228AFCB2700E14DFE /* Project object */ = {
			isa = PBXProject;
			attributes = {
				BuildIndependentTargetsInParallel = 1;
				LastSwiftUpdateCheck = 1340;
				LastUpgradeCheck = 1340;
				TargetAttributes = {
					49B631F028AFCB2A00E14DFE = {
						CreatedOnToolsVersion = 13.4.1;
					};
					49B631F628AFCB2A00E14DFE = {
						CreatedOnToolsVersion = 13.4.1;
					};
				};
			};
			buildConfigurationList = 49B631E528AFCB2700E14DFE /* Build configuration list for PBXProject "Kiwi" */;
			compatibilityVersion = "Xcode 13.0";
			developmentRegion = en;
			hasScannedForEncodings = 0;
			knownRegions = (
				en,
				Base,
			);
			mainGroup = 49B631E128AFCB2700E14DFE;
			productRefGroup = 49B631F228AFCB2A00E14DFE /* Products */;
			projectDirPath = "";
			projectRoot = "";
			targets = (
				49B631F028AFCB2A00E14DFE /* Kiwi (iOS) */,
				49B631F628AFCB2A00E14DFE /* Kiwi (macOS) */,
			);
		};
/* End PBXProject section */

/* Begin PBXResourcesBuildPhase section */
		49B631EF28AFCB2A00E14DFE /* Resources */ = {
			isa = PBXResourcesBuildPhase;
			buildActionMask = 2147483647;
			files = (
				49B6320228AFCB2A00E14DFE /* Assets.xcassets in Resources */,
			);
			runOnlyForDeploymentPostprocessing = 0;
		};
		49B631F528AFCB2A00E14DFE /* Resources */ = {
			isa = PBXResourcesBuildPhase;
			buildActionMask = 2147483647;
			files = (
				49B6320328AFCB2A00E14DFE /* Assets.xcassets in Resources */,
			);
			runOnlyForDeploymentPostprocessing = 0;
		};
/* End PBXResourcesBuildPhase section */

/* Begin PBXSourcesBuildPhase section */
		49B631ED28AFCB2A00E14DFE /* Sources */ = {
			isa = PBXSourcesBuildPhase;
			buildActionMask = 2147483647;
			files = (
				49B631FA28AFCB2A00E14DFE /* Kiwi.xcdatamodeld in Sources */,
				49B6320028AFCB2A00E14DFE /* Persistence.swift in Sources */,
				49B631FC28AFCB2A00E14DFE /* KiwiApp.swift in Sources */,
				49B631FE28AFCB2A00E14DFE /* ContentView.swift in Sources */,
			);
			runOnlyForDeploymentPostprocessing = 0;
		};
		49B631F328AFCB2A00E14DFE /* Sources */ = {
			isa = PBXSourcesBuildPhase;
			buildActionMask = 2147483647;
			files = (
				49B631FB28AFCB2A00E14DFE /* Kiwi.xcdatamodeld in Sources */,
				49B6320128AFCB2A00E14DFE /* Persistence.swift in Sources */,
				49B631FD28AFCB2A00E14DFE /* KiwiApp.swift in Sources */,
				49B631FF28AFCB2A00E14DFE /* ContentView.swift in Sources */,
			);
			runOnlyForDeploymentPostprocessing = 0;
		};
/* End PBXSourcesBuildPhase section */

/* Begin XCBuildConfiguration section */
		49B6320428AFCB2A00E14DFE /* Debug */ = {
			isa = XCBuildConfiguration;
			buildSettings = {
				ALWAYS_SEARCH_USER_PATHS = NO;
				CLANG_ANALYZER_NONNULL = YES;
				CLANG_ANALYZER_NUMBER_OBJECT_CONVERSION = YES_AGGRESSIVE;
				CLANG_CXX_LANGUAGE_STANDARD = "gnu++17";
				CLANG_ENABLE_MODULES = YES;
				CLANG_ENABLE_OBJC_ARC = YES;
				CLANG_ENABLE_OBJC_WEAK = YES;
				CLANG_WARN_BLOCK_CAPTURE_AUTORELEASING = YES;
				CLANG_WARN_BOOL_CONVERSION = YES;
				CLANG_WARN_COMMA = YES;
				CLANG_WARN_CONSTANT_CONVERSION = YES;
				CLANG_WARN_DEPRECATED_OBJC_IMPLEMENTATIONS = YES;
				CLANG_WARN_DIRECT_OBJC_ISA_USAGE = YES_ERROR;
				CLANG_WARN_DOCUMENTATION_COMMENTS = YES;
				CLANG_WARN_EMPTY_BODY = YES;
				CLANG_WARN_ENUM_CONVERSION = YES;
				CLANG_WARN_INFINITE_RECURSION = YES;
				CLANG_WARN_INT_CONVERSION = YES;
				CLANG_WARN_NON_LITERAL_NULL_CONVERSION = YES;
				CLANG_WARN_OBJC_IMPLICIT_RETAIN_SELF = YES;
				CLANG_WARN_OBJC_LITERAL_CONVERSION = YES;
				CLANG_WARN_OBJC_ROOT_CLASS = YES_ERROR;
				CLANG_WARN_QUOTED_INCLUDE_IN_FRAMEWORK_HEADER = YES;
				CLANG_WARN_RANGE_LOOP_ANALYSIS = YES;
				CLANG_WARN_STRICT_PROTOTYPES = YES;
				CLANG_WARN_SUSPICIOUS_MOVE = YES;
				CLANG_WARN_UNGUARDED_AVAILABILITY = YES_AGGRESSIVE;
				CLANG_WARN_UNREACHABLE_CODE = YES;
				CLANG_WARN__DUPLICATE_METHOD_MATCH = YES;
				COPY_PHASE_STRIP = NO;
				DEBUG_INFORMATION_FORMAT = dwarf;
				ENABLE_STRICT_OBJC_MSGSEND = YES;
				ENABLE_TESTABILITY = YES;
				GCC_C_LANGUAGE_STANDARD = gnu11;
				GCC_DYNAMIC_NO_PIC = NO;
				GCC_NO_COMMON_BLOCKS = YES;
				GCC_OPTIMIZATION_LEVEL = 0;
				GCC_PREPROCESSOR_DEFINITIONS = (
					"DEBUG=1",
					"$(inherited)",
				);
				GCC_WARN_64_TO_32_BIT_CONVERSION = YES;
				GCC_WARN_ABOUT_RETURN_TYPE = YES_ERROR;
				GCC_WARN_UNDECLARED_SELECTOR = YES;
				GCC_WARN_UNINITIALIZED_AUTOS = YES_AGGRESSIVE;
				GCC_WARN_UNUSED_FUNCTION = YES;
				GCC_WARN_UNUSED_VARIABLE = YES;
				MTL_ENABLE_DEBUG_INFO = INCLUDE_SOURCE;
				MTL_FAST_MATH = YES;
				ONLY_ACTIVE_ARCH = YES;
				SWIFT_ACTIVE_COMPILATION_CONDITIONS = DEBUG;
				SWIFT_OPTIMIZATION_LEVEL = "-Onone";
			};
			name = Debug;
		};
		49B6320528AFCB2A00E14DFE /* Release */ = {
			isa = XCBuildConfiguration;
			buildSettings = {
				ALWAYS_SEARCH_USER_PATHS = NO;
				CLANG_ANALYZER_NONNULL = YES;
				CLANG_ANALYZER_NUMBER_OBJECT_CONVERSION = YES_AGGRESSIVE;
				CLANG_CXX_LANGUAGE_STANDARD = "gnu++17";
				CLANG_ENABLE_MODULES = YES;
				CLANG_ENABLE_OBJC_ARC = YES;
				CLANG_ENABLE_OBJC_WEAK = YES;
				CLANG_WARN_BLOCK_CAPTURE_AUTORELEASING = YES;
				CLANG_WARN_BOOL_CONVERSION = YES;
				CLANG_WARN_COMMA = YES;
				CLANG_WARN_CONSTANT_CONVERSION = YES;
				CLANG_WARN_DEPRECATED_OBJC_IMPLEMENTATIONS = YES;
				CLANG_WARN_DIRECT_OBJC_ISA_USAGE = YES_ERROR;
				CLANG_WARN_DOCUMENTATION_COMMENTS = YES;
				CLANG_WARN_EMPTY_BODY = YES;
				CLANG_WARN_ENUM_CONVERSION = YES;
				CLANG_WARN_INFINITE_RECURSION = YES;
				CLANG_WARN_INT_CONVERSION = YES;
				CLANG_WARN_NON_LITERAL_NULL_CONVERSION = YES;
				CLANG_WARN_OBJC_IMPLICIT_RETAIN_SELF = YES;
				CLANG_WARN_OBJC_LITERAL_CONVERSION = YES;
				CLANG_WARN_OBJC_ROOT_CLASS = YES_ERROR;
				CLANG_WARN_QUOTED_INCLUDE_IN_FRAMEWORK_HEADER = YES;
				CLANG_WARN_RANGE_LOOP_ANALYSIS = YES;
				CLANG_WARN_STRICT_PROTOTYPES = YES;
				CLANG_WARN_SUSPICIOUS_MOVE = YES;
				CLANG_WARN_UNGUARDED_AVAILABILITY = YES_AGGRESSIVE;
				CLANG_WARN_UNREACHABLE_CODE = YES;
				CLANG_WARN__DUPLICATE_METHOD_MATCH = YES;
				COPY_PHASE_STRIP = NO;
				DEBUG_INFORMATION_FORMAT = "dwarf-with-dsym";
				ENABLE_NS_ASSERTIONS = NO;
				ENABLE_STRICT_OBJC_MSGSEND = YES;
				GCC_C_LANGUAGE_STANDARD = gnu11;
				GCC_NO_COMMON_BLOCKS = YES;
				GCC_WARN_64_TO_32_BIT_CONVERSION = YES;
				GCC_WARN_ABOUT_RETURN_TYPE = YES_ERROR;
				GCC_WARN_UNDECLARED_SELECTOR = YES;
				GCC_WARN_UNINITIALIZED_AUTOS = YES_AGGRESSIVE;
				GCC_WARN_UNUSED_FUNCTION = YES;
				GCC_WARN_UNUSED_VARIABLE = YES;
				MTL_ENABLE_DEBUG_INFO = NO;
				MTL_FAST_MATH = YES;
				SWIFT_COMPILATION_MODE = wholemodule;
				SWIFT_OPTIMIZATION_LEVEL = "-O";
			};
			name = Release;
		};
		49B6320728AFCB2A00E14DFE /* Debug */ = {
			isa = XCBuildConfiguration;
			buildSettings = {
				ASSETCATALOG_COMPILER_APPICON_NAME = AppIcon;
				ASSETCATALOG_COMPILER_GLOBAL_ACCENT_COLOR_NAME = AccentColor;
				CODE_SIGN_STYLE = Automatic;
				CURRENT_PROJECT_VERSION = 1;
				DEVELOPMENT_TEAM = QQS593TJVN;
				ENABLE_PREVIEWS = YES;
				GENERATE_INFOPLIST_FILE = YES;
				INFOPLIST_KEY_UIApplicationSceneManifest_Generation = YES;
				INFOPLIST_KEY_UIApplicationSupportsIndirectInputEvents = YES;
				INFOPLIST_KEY_UILaunchScreen_Generation = YES;
				INFOPLIST_KEY_UISupportedInterfaceOrientations_iPad = "UIInterfaceOrientationPortrait UIInterfaceOrientationPortraitUpsideDown UIInterfaceOrientationLandscapeLeft UIInterfaceOrientationLandscapeRight";
				INFOPLIST_KEY_UISupportedInterfaceOrientations_iPhone = "UIInterfaceOrientationPortrait UIInterfaceOrientationLandscapeLeft UIInterfaceOrientationLandscapeRight";
				IPHONEOS_DEPLOYMENT_TARGET = 15.5;
				LD_RUNPATH_SEARCH_PATHS = (
					"$(inherited)",
					"@executable_path/Frameworks",
				);
				MARKETING_VERSION = 1.0;
				PRODUCT_BUNDLE_IDENTIFIER = com.laporatory.Kiwi;
				PRODUCT_NAME = Kiwi;
				SDKROOT = iphoneos;
				SWIFT_EMIT_LOC_STRINGS = YES;
				SWIFT_VERSION = 5.0;
				TARGETED_DEVICE_FAMILY = "1,2";
			};
			name = Debug;
		};
		49B6320828AFCB2A00E14DFE /* Release */ = {
			isa = XCBuildConfiguration;
			buildSettings = {
				ASSETCATALOG_COMPILER_APPICON_NAME = AppIcon;
				ASSETCATALOG_COMPILER_GLOBAL_ACCENT_COLOR_NAME = AccentColor;
				CODE_SIGN_STYLE = Automatic;
				CURRENT_PROJECT_VERSION = 1;
				DEVELOPMENT_TEAM = QQS593TJVN;
				ENABLE_PREVIEWS = YES;
				GENERATE_INFOPLIST_FILE = YES;
				INFOPLIST_KEY_UIApplicationSceneManifest_Generation = YES;
				INFOPLIST_KEY_UIApplicationSupportsIndirectInputEvents = YES;
				INFOPLIST_KEY_UILaunchScreen_Generation = YES;
				INFOPLIST_KEY_UISupportedInterfaceOrientations_iPad = "UIInterfaceOrientationPortrait UIInterfaceOrientationPortraitUpsideDown UIInterfaceOrientationLandscapeLeft UIInterfaceOrientationLandscapeRight";
				INFOPLIST_KEY_UISupportedInterfaceOrientations_iPhone = "UIInterfaceOrientationPortrait UIInterfaceOrientationLandscapeLeft UIInterfaceOrientationLandscapeRight";
				IPHONEOS_DEPLOYMENT_TARGET = 15.5;
				LD_RUNPATH_SEARCH_PATHS = (
					"$(inherited)",
					"@executable_path/Frameworks",
				);
				MARKETING_VERSION = 1.0;
				PRODUCT_BUNDLE_IDENTIFIER = com.laporatory.Kiwi;
				PRODUCT_NAME = Kiwi;
				SDKROOT = iphoneos;
				SWIFT_EMIT_LOC_STRINGS = YES;
				SWIFT_VERSION = 5.0;
				TARGETED_DEVICE_FAMILY = "1,2";
				VALIDATE_PRODUCT = YES;
			};
			name = Release;
		};
		49B6320A28AFCB2A00E14DFE /* Debug */ = {
			isa = XCBuildConfiguration;
			buildSettings = {
				ASSETCATALOG_COMPILER_APPICON_NAME = AppIcon;
				ASSETCATALOG_COMPILER_GLOBAL_ACCENT_COLOR_NAME = AccentColor;
				CODE_SIGN_ENTITLEMENTS = macOS/macOS.entitlements;
				CODE_SIGN_STYLE = Automatic;
				COMBINE_HIDPI_IMAGES = YES;
				CURRENT_PROJECT_VERSION = 1;
				DEVELOPMENT_TEAM = QQS593TJVN;
				ENABLE_HARDENED_RUNTIME = YES;
				ENABLE_PREVIEWS = YES;
				GENERATE_INFOPLIST_FILE = YES;
				INFOPLIST_KEY_NSHumanReadableCopyright = "";
				LD_RUNPATH_SEARCH_PATHS = (
					"$(inherited)",
					"@executable_path/../Frameworks",
				);
				MACOSX_DEPLOYMENT_TARGET = 12.3;
				MARKETING_VERSION = 1.0;
				PRODUCT_BUNDLE_IDENTIFIER = com.laporatory.Kiwi;
				PRODUCT_NAME = Kiwi;
				SDKROOT = macosx;
				SWIFT_EMIT_LOC_STRINGS = YES;
				SWIFT_VERSION = 5.0;
			};
			name = Debug;
		};
		49B6320B28AFCB2A00E14DFE /* Release */ = {
			isa = XCBuildConfiguration;
			buildSettings = {
				ASSETCATALOG_COMPILER_APPICON_NAME = AppIcon;
				ASSETCATALOG_COMPILER_GLOBAL_ACCENT_COLOR_NAME = AccentColor;
				CODE_SIGN_ENTITLEMENTS = macOS/macOS.entitlements;
				CODE_SIGN_STYLE = Automatic;
				COMBINE_HIDPI_IMAGES = YES;
				CURRENT_PROJECT_VERSION = 1;
				DEVELOPMENT_TEAM = QQS593TJVN;
				ENABLE_HARDENED_RUNTIME = YES;
				ENABLE_PREVIEWS = YES;
				GENERATE_INFOPLIST_FILE = YES;
				INFOPLIST_KEY_NSHumanReadableCopyright = "";
				LD_RUNPATH_SEARCH_PATHS = (
					"$(inherited)",
					"@executable_path/../Frameworks",
				);
				MACOSX_DEPLOYMENT_TARGET = 12.3;
				MARKETING_VERSION = 1.0;
				PRODUCT_BUNDLE_IDENTIFIER = com.laporatory.Kiwi;
				PRODUCT_NAME = Kiwi;
				SDKROOT = macosx;
				SWIFT_EMIT_LOC_STRINGS = YES;
				SWIFT_VERSION = 5.0;
			};
			name = Release;
		};
/* End XCBuildConfiguration section */

/* Begin XCConfigurationList section */
		49B631E528AFCB2700E14DFE /* Build configuration list for PBXProject "Kiwi" */ = {
			isa = XCConfigurationList;
			buildConfigurations = (
				49B6320428AFCB2A00E14DFE /* Debug */,
				49B6320528AFCB2A00E14DFE /* Release */,
			);
			defaultConfigurationIsVisible = 0;
			defaultConfigurationName = Release;
		};
		49B6320628AFCB2A00E14DFE /* Build configuration list for PBXNativeTarget "Kiwi (iOS)" */ = {
			isa = XCConfigurationList;
			buildConfigurations = (
				49B6320728AFCB2A00E14DFE /* Debug */,
				49B6320828AFCB2A00E14DFE /* Release */,
			);
			defaultConfigurationIsVisible = 0;
			defaultConfigurationName = Release;
		};
		49B6320928AFCB2A00E14DFE /* Build configuration list for PBXNativeTarget "Kiwi (macOS)" */ = {
			isa = XCConfigurationList;
			buildConfigurations = (
				49B6320A28AFCB2A00E14DFE /* Debug */,
				49B6320B28AFCB2A00E14DFE /* Release */,
			);
			defaultConfigurationIsVisible = 0;
			defaultConfigurationName = Release;
		};
/* End XCConfigurationList section */

/* Begin XCVersionGroup section */
		49B631E728AFCB2700E14DFE /* Kiwi.xcdatamodeld */ = {
			isa = XCVersionGroup;
			children = (
				49B631E828AFCB2700E14DFE /* Shared.xcdatamodel */,
			);
			currentVersion = 49B631E828AFCB2700E14DFE /* Shared.xcdatamodel */;
			path = Kiwi.xcdatamodeld;
			sourceTree = "<group>";
			versionGroupType = wrapper.xcdatamodel;
		};
/* End XCVersionGroup section */
	};
	rootObject = 49B631E228AFCB2700E14DFE /* Project object */;
}
